
Microsoft Visual Studio Solution File, Format Version 12.00
# Visual Studio Version 17
VisualStudioVersion = 17.9.34723.18
MinimumVisualStudioVersion = 10.0.40219.1
Project("{FAE04EC0-301F-11D3-BF4B-00C04F79EFBC}") = "Questionnaire-App-API", "Questionnaire-App-API.csproj", "{AE86E0BA-98FC-45FF-87BB-898C216E3E7C}"
EndProject
Global
	GlobalSection(SolutionConfigurationPlatforms) = preSolution
		Debug|Any CPU = Debug|Any CPU
		Release|Any CPU = Release|Any CPU
	EndGlobalSection
	GlobalSection(ProjectConfigurationPlatforms) = postSolution
		{AE86E0BA-98FC-45FF-87BB-898C216E3E7C}.Debug|Any CPU.ActiveCfg = Debug|Any CPU
		{AE86E0BA-98FC-45FF-87BB-898C216E3E7C}.Debug|Any CPU.Build.0 = Debug|Any CPU
		{AE86E0BA-98FC-45FF-87BB-898C216E3E7C}.Release|Any CPU.ActiveCfg = Release|Any CPU
		{AE86E0BA-98FC-45FF-87BB-898C216E3E7C}.Release|Any CPU.Build.0 = Release|Any CPU
	EndGlobalSection
	GlobalSection(SolutionProperties) = preSolution
		HideSolutionNode = FALSE
	EndGlobalSection
	GlobalSection(ExtensibilityGlobals) = postSolution
		SolutionGuid = {4360348E-B862-4D94-91DC-807C949B2A6C}
	EndGlobalSection
EndGlobal
